
Microsoft Visual Studio Solution File, Format Version 12.00
# Visual Studio 2013
VisualStudioVersion = 12.0.31101.0
MinimumVisualStudioVersion = 10.0.40219.1
Project("{FAE04EC0-301F-11D3-BF4B-00C04F79EFBC}") = "SmallExercise", "SmallExercise\SmallExercise.csproj", "{B172747A-F09A-4AFA-B8F7-987D9F42C415}"
EndProject
Global
	GlobalSection(SolutionConfigurationPlatforms) = preSolution
		Debug|Any CPU = Debug|Any CPU
		Release|Any CPU = Release|Any CPU
	EndGlobalSection
	GlobalSection(ProjectConfigurationPlatforms) = postSolution
		{B172747A-F09A-4AFA-B8F7-987D9F42C415}.Debug|Any CPU.ActiveCfg = Debug|Any CPU
		{B172747A-F09A-4AFA-B8F7-987D9F42C415}.Debug|Any CPU.Build.0 = Debug|Any CPU
		{B172747A-F09A-4AFA-B8F7-987D9F42C415}.Release|Any CPU.ActiveCfg = Release|Any CPU
		{B172747A-F09A-4AFA-B8F7-987D9F42C415}.Release|Any CPU.Build.0 = Release|Any CPU
	EndGlobalSection
	GlobalSection(SolutionProperties) = preSolution
		HideSolutionNode = FALSE
	EndGlobalSection
EndGlobal
